
Microsoft Visual Studio Solution File, Format Version 12.00
# Visual Studio Version 16
VisualStudioVersion = 16.0.30717.126
MinimumVisualStudioVersion = 10.0.40219.1
Project("{FAE04EC0-301F-11D3-BF4B-00C04F79EFBC}") = "Joker", "Joker\Joker.csproj", "{9855A332-24AA-4157-81A0-9097F1E5C7E8}"
EndProject
Global
	GlobalSection(SolutionConfigurationPlatforms) = preSolution
		Debug|Any CPU = Debug|Any CPU
		Release|Any CPU = Release|Any CPU
	EndGlobalSection
	GlobalSection(ProjectConfigurationPlatforms) = postSolution
		{9855A332-24AA-4157-81A0-9097F1E5C7E8}.Debug|Any CPU.ActiveCfg = Debug|Any CPU
		{9855A332-24AA-4157-81A0-9097F1E5C7E8}.Debug|Any CPU.Build.0 = Debug|Any CPU
		{9855A332-24AA-4157-81A0-9097F1E5C7E8}.Release|Any CPU.ActiveCfg = Release|Any CPU
		{9855A332-24AA-4157-81A0-9097F1E5C7E8}.Release|Any CPU.Build.0 = Release|Any CPU
	EndGlobalSection
	GlobalSection(SolutionProperties) = preSolution
		HideSolutionNode = FALSE
	EndGlobalSection
	GlobalSection(ExtensibilityGlobals) = postSolution
		SolutionGuid = {DD611083-B248-4333-831C-CA5C565EE881}
	EndGlobalSection
EndGlobal
